
Microsoft Visual Studio Solution File, Format Version 12.00
# Visual Studio Version 17
VisualStudioVersion = 17.7.34221.43
MinimumVisualStudioVersion = 10.0.40219.1
Project("{FAE04EC0-301F-11D3-BF4B-00C04F79EFBC}") = "EmptyProject", "EmptyProject\EmptyProject.csproj", "{192E1892-4E5A-4D3E-8E46-64D60163476C}"
EndProject
Global
	GlobalSection(SolutionConfigurationPlatforms) = preSolution
		Debug|Any CPU = Debug|Any CPU
		Release|Any CPU = Release|Any CPU
	EndGlobalSection
	GlobalSection(ProjectConfigurationPlatforms) = postSolution
		{192E1892-4E5A-4D3E-8E46-64D60163476C}.Debug|Any CPU.ActiveCfg = Debug|Any CPU
		{192E1892-4E5A-4D3E-8E46-64D60163476C}.Debug|Any CPU.Build.0 = Debug|Any CPU
		{192E1892-4E5A-4D3E-8E46-64D60163476C}.Release|Any CPU.ActiveCfg = Release|Any CPU
		{192E1892-4E5A-4D3E-8E46-64D60163476C}.Release|Any CPU.Build.0 = Release|Any CPU
	EndGlobalSection
	GlobalSection(SolutionProperties) = preSolution
		HideSolutionNode = FALSE
	EndGlobalSection
	GlobalSection(ExtensibilityGlobals) = postSolution
		SolutionGuid = {574B5257-9D44-4F7F-AE99-81F7F2A95C2C}
	EndGlobalSection
EndGlobal
